
Microsoft Visual Studio Solution File, Format Version 12.00
# Visual Studio 15
VisualStudioVersion = 15.0.26124.0
MinimumVisualStudioVersion = 15.0.26124.0
Project("{FAE04EC0-301F-11D3-BF4B-00C04F79EFBC}") = "Gsl", "Gsl\Gsl.csproj", "{FC0ABAC0-0A52-454E-85B0-6FD28847F70F}"
EndProject
Project("{FAE04EC0-301F-11D3-BF4B-00C04F79EFBC}") = "Gsl.Tests", "Gsl.Tests\Gsl.Tests.csproj", "{093C7A15-6C45-4352-976D-BDEDCF5FD274}"
EndProject
Global
	GlobalSection(SolutionConfigurationPlatforms) = preSolution
		Debug|Any CPU = Debug|Any CPU
		Debug|x64 = Debug|x64
		Debug|x86 = Debug|x86
		Release|Any CPU = Release|Any CPU
		Release|x64 = Release|x64
		Release|x86 = Release|x86
	EndGlobalSection
	GlobalSection(SolutionProperties) = preSolution
		HideSolutionNode = FALSE
	EndGlobalSection
	GlobalSection(ProjectConfigurationPlatforms) = postSolution
		{FC0ABAC0-0A52-454E-85B0-6FD28847F70F}.Debug|Any CPU.ActiveCfg = Debug|Any CPU
		{FC0ABAC0-0A52-454E-85B0-6FD28847F70F}.Debug|Any CPU.Build.0 = Debug|Any CPU
		{FC0ABAC0-0A52-454E-85B0-6FD28847F70F}.Debug|x64.ActiveCfg = Debug|Any CPU
		{FC0ABAC0-0A52-454E-85B0-6FD28847F70F}.Debug|x64.Build.0 = Debug|Any CPU
		{FC0ABAC0-0A52-454E-85B0-6FD28847F70F}.Debug|x86.ActiveCfg = Debug|Any CPU
		{FC0ABAC0-0A52-454E-85B0-6FD28847F70F}.Debug|x86.Build.0 = Debug|Any CPU
		{FC0ABAC0-0A52-454E-85B0-6FD28847F70F}.Release|Any CPU.ActiveCfg = Release|Any CPU
		{FC0ABAC0-0A52-454E-85B0-6FD28847F70F}.Release|Any CPU.Build.0 = Release|Any CPU
		{FC0ABAC0-0A52-454E-85B0-6FD28847F70F}.Release|x64.ActiveCfg = Release|Any CPU
		{FC0ABAC0-0A52-454E-85B0-6FD28847F70F}.Release|x64.Build.0 = Release|Any CPU
		{FC0ABAC0-0A52-454E-85B0-6FD28847F70F}.Release|x86.ActiveCfg = Release|Any CPU
		{FC0ABAC0-0A52-454E-85B0-6FD28847F70F}.Release|x86.Build.0 = Release|Any CPU
		{093C7A15-6C45-4352-976D-BDEDCF5FD274}.Debug|Any CPU.ActiveCfg = Debug|Any CPU
		{093C7A15-6C45-4352-976D-BDEDCF5FD274}.Debug|Any CPU.Build.0 = Debug|Any CPU
		{093C7A15-6C45-4352-976D-BDEDCF5FD274}.Debug|x64.ActiveCfg = Debug|Any CPU
		{093C7A15-6C45-4352-976D-BDEDCF5FD274}.Debug|x64.Build.0 = Debug|Any CPU
		{093C7A15-6C45-4352-976D-BDEDCF5FD274}.Debug|x86.ActiveCfg = Debug|Any CPU
		{093C7A15-6C45-4352-976D-BDEDCF5FD274}.Debug|x86.Build.0 = Debug|Any CPU
		{093C7A15-6C45-4352-976D-BDEDCF5FD274}.Release|Any CPU.ActiveCfg = Release|Any CPU
		{093C7A15-6C45-4352-976D-BDEDCF5FD274}.Release|Any CPU.Build.0 = Release|Any CPU
		{093C7A15-6C45-4352-976D-BDEDCF5FD274}.Release|x64.ActiveCfg = Release|Any CPU
		{093C7A15-6C45-4352-976D-BDEDCF5FD274}.Release|x64.Build.0 = Release|Any CPU
		{093C7A15-6C45-4352-976D-BDEDCF5FD274}.Release|x86.ActiveCfg = Release|Any CPU
		{093C7A15-6C45-4352-976D-BDEDCF5FD274}.Release|x86.Build.0 = Release|Any CPU
	EndGlobalSection
EndGlobal
